
Microsoft Visual Studio Solution File, Format Version 12.00
# Visual Studio 15
VisualStudioVersion = 15.0.27825.0
MinimumVisualStudioVersion = 10.0.40219.1
Project("{FAE04EC0-301F-11D3-BF4B-00C04F79EFBC}") = "DotNetCoreAITester", "DotNetCoreAITester\DotNetCoreAITester.csproj", "{ADF6B7F1-8620-42BA-B946-C696C7A63D94}"
EndProject
Global
	GlobalSection(SolutionConfigurationPlatforms) = preSolution
		Debug|Any CPU = Debug|Any CPU
		Release|Any CPU = Release|Any CPU
	EndGlobalSection
	GlobalSection(ProjectConfigurationPlatforms) = postSolution
		{ADF6B7F1-8620-42BA-B946-C696C7A63D94}.Debug|Any CPU.ActiveCfg = Debug|Any CPU
		{ADF6B7F1-8620-42BA-B946-C696C7A63D94}.Debug|Any CPU.Build.0 = Debug|Any CPU
		{ADF6B7F1-8620-42BA-B946-C696C7A63D94}.Release|Any CPU.ActiveCfg = Release|Any CPU
		{ADF6B7F1-8620-42BA-B946-C696C7A63D94}.Release|Any CPU.Build.0 = Release|Any CPU
	EndGlobalSection
	GlobalSection(SolutionProperties) = preSolution
		HideSolutionNode = FALSE
	EndGlobalSection
	GlobalSection(ExtensibilityGlobals) = postSolution
		SolutionGuid = {0B5B65FA-6A3C-4740-9396-0ED66C8CCB3B}
	EndGlobalSection
EndGlobal
