
Microsoft Visual Studio Solution File, Format Version 12.00
# Visual Studio 15
VisualStudioVersion = 15.0.28016.0
MinimumVisualStudioVersion = 10.0.40219.1
Project("{9A19103F-16F7-4668-BE54-9A1E7A4F7556}") = "WebApp", "src\WebApp\WebApp.csproj", "{9322E6E5-D7E8-4AAF-8627-ABC78170D5DC}"
EndProject
Project("{9A19103F-16F7-4668-BE54-9A1E7A4F7556}") = "Library", "src\Library\Library.csproj", "{73519AB7-B181-4E9C-8189-AD9A14E3B1D3}"
EndProject
Project("{9A19103F-16F7-4668-BE54-9A1E7A4F7556}") = "CoreConsoleWithDependencyInjection", "src\CoreConsoleWithDependencyInjection\CoreConsoleWithDependencyInjection.csproj", "{AB29FD45-CFAD-49C5-B695-CC1D87B7C1B7}"
EndProject
Project("{2150E333-8FDC-42A3-9474-1A3956D46DE8}") = "tests", "tests", "{0BA1C1AC-80CE-43F8-8881-42D5188141CD}"
EndProject
Project("{9A19103F-16F7-4668-BE54-9A1E7A4F7556}") = "CoreConsoleWithDependencyInjectionTest", "tests\CoreConsoleWithDependencyInjectionTest\CoreConsoleWithDependencyInjectionTest.csproj", "{9E8E23AC-28F4-4803-A9E9-757A95CA8126}"
EndProject
Project("{FAE04EC0-301F-11D3-BF4B-00C04F79EFBC}") = "CoreConsoleLogAnalytics", "src\CoreConsoleLogAnalytics\CoreConsoleLogAnalytics.csproj", "{4D0D3E74-0098-4E06-9CB5-71A9F5EF359A}"
EndProject
Project("{FAE04EC0-301F-11D3-BF4B-00C04F79EFBC}") = "CoreConsoleApplicationInsights", "src\CoreConsoleApplicationInsights\CoreConsoleApplicationInsights.csproj", "{303C85B0-FDF3-4880-9D93-895E404260AF}"
EndProject
Global
	GlobalSection(SolutionConfigurationPlatforms) = preSolution
		Debug|Any CPU = Debug|Any CPU
		Release|Any CPU = Release|Any CPU
	EndGlobalSection
	GlobalSection(ProjectConfigurationPlatforms) = postSolution
		{9322E6E5-D7E8-4AAF-8627-ABC78170D5DC}.Debug|Any CPU.ActiveCfg = Debug|Any CPU
		{9322E6E5-D7E8-4AAF-8627-ABC78170D5DC}.Debug|Any CPU.Build.0 = Debug|Any CPU
		{9322E6E5-D7E8-4AAF-8627-ABC78170D5DC}.Release|Any CPU.ActiveCfg = Release|Any CPU
		{9322E6E5-D7E8-4AAF-8627-ABC78170D5DC}.Release|Any CPU.Build.0 = Release|Any CPU
		{73519AB7-B181-4E9C-8189-AD9A14E3B1D3}.Debug|Any CPU.ActiveCfg = Debug|Any CPU
		{73519AB7-B181-4E9C-8189-AD9A14E3B1D3}.Debug|Any CPU.Build.0 = Debug|Any CPU
		{73519AB7-B181-4E9C-8189-AD9A14E3B1D3}.Release|Any CPU.ActiveCfg = Release|Any CPU
		{73519AB7-B181-4E9C-8189-AD9A14E3B1D3}.Release|Any CPU.Build.0 = Release|Any CPU
		{AB29FD45-CFAD-49C5-B695-CC1D87B7C1B7}.Debug|Any CPU.ActiveCfg = Debug|Any CPU
		{AB29FD45-CFAD-49C5-B695-CC1D87B7C1B7}.Debug|Any CPU.Build.0 = Debug|Any CPU
		{AB29FD45-CFAD-49C5-B695-CC1D87B7C1B7}.Release|Any CPU.ActiveCfg = Release|Any CPU
		{AB29FD45-CFAD-49C5-B695-CC1D87B7C1B7}.Release|Any CPU.Build.0 = Release|Any CPU
		{9E8E23AC-28F4-4803-A9E9-757A95CA8126}.Debug|Any CPU.ActiveCfg = Debug|Any CPU
		{9E8E23AC-28F4-4803-A9E9-757A95CA8126}.Debug|Any CPU.Build.0 = Debug|Any CPU
		{9E8E23AC-28F4-4803-A9E9-757A95CA8126}.Release|Any CPU.ActiveCfg = Release|Any CPU
		{9E8E23AC-28F4-4803-A9E9-757A95CA8126}.Release|Any CPU.Build.0 = Release|Any CPU
		{4D0D3E74-0098-4E06-9CB5-71A9F5EF359A}.Debug|Any CPU.ActiveCfg = Debug|Any CPU
		{4D0D3E74-0098-4E06-9CB5-71A9F5EF359A}.Debug|Any CPU.Build.0 = Debug|Any CPU
		{4D0D3E74-0098-4E06-9CB5-71A9F5EF359A}.Release|Any CPU.ActiveCfg = Release|Any CPU
		{4D0D3E74-0098-4E06-9CB5-71A9F5EF359A}.Release|Any CPU.Build.0 = Release|Any CPU
		{303C85B0-FDF3-4880-9D93-895E404260AF}.Debug|Any CPU.ActiveCfg = Debug|Any CPU
		{303C85B0-FDF3-4880-9D93-895E404260AF}.Debug|Any CPU.Build.0 = Debug|Any CPU
		{303C85B0-FDF3-4880-9D93-895E404260AF}.Release|Any CPU.ActiveCfg = Release|Any CPU
		{303C85B0-FDF3-4880-9D93-895E404260AF}.Release|Any CPU.Build.0 = Release|Any CPU
	EndGlobalSection
	GlobalSection(SolutionProperties) = preSolution
		HideSolutionNode = FALSE
	EndGlobalSection
	GlobalSection(NestedProjects) = preSolution
		{9E8E23AC-28F4-4803-A9E9-757A95CA8126} = {0BA1C1AC-80CE-43F8-8881-42D5188141CD}
	EndGlobalSection
	GlobalSection(ExtensibilityGlobals) = postSolution
		SolutionGuid = {A43BC1AB-9D5C-439A-9190-1E3BEECC83A4}
	EndGlobalSection
EndGlobal
