
Microsoft Visual Studio Solution File, Format Version 12.00
# Visual Studio Version 16
VisualStudioVersion = 16.0.28315.86
MinimumVisualStudioVersion = 10.0.40219.1
Project("{FAE04EC0-301F-11D3-BF4B-00C04F79EFBC}") = "IoTDeviceClientActor", "IoTDeviceClientActor\IoTDeviceClientActor.csproj", "{73A030F1-5A46-40B9-A4EB-389BF753744B}"
EndProject
Global
	GlobalSection(SolutionConfigurationPlatforms) = preSolution
		Debug|Any CPU = Debug|Any CPU
		Release|Any CPU = Release|Any CPU
	EndGlobalSection
	GlobalSection(ProjectConfigurationPlatforms) = postSolution
		{73A030F1-5A46-40B9-A4EB-389BF753744B}.Debug|Any CPU.ActiveCfg = Debug|Any CPU
		{73A030F1-5A46-40B9-A4EB-389BF753744B}.Debug|Any CPU.Build.0 = Debug|Any CPU
		{73A030F1-5A46-40B9-A4EB-389BF753744B}.Release|Any CPU.ActiveCfg = Release|Any CPU
		{73A030F1-5A46-40B9-A4EB-389BF753744B}.Release|Any CPU.Build.0 = Release|Any CPU
	EndGlobalSection
	GlobalSection(SolutionProperties) = preSolution
		HideSolutionNode = FALSE
	EndGlobalSection
	GlobalSection(ExtensibilityGlobals) = postSolution
		SolutionGuid = {3B296C9D-F6D8-4AAE-A287-60916ED6B459}
	EndGlobalSection
EndGlobal
