
Microsoft Visual Studio Solution File, Format Version 12.00
# Visual Studio 15
Project("{FAE04EC0-301F-11D3-BF4B-00C04F79EFBC}") = "GpioBuzzer", "GpioBuzzer.csproj", "{D86B429F-8BBE-47F4-8888-36EFED50DFC5}"
EndProject
Global
	GlobalSection(SolutionConfigurationPlatforms) = preSolution
		Debug|Any CPU = Debug|Any CPU
		Release|Any CPU = Release|Any CPU
	EndGlobalSection
	GlobalSection(ProjectConfigurationPlatforms) = postSolution
		{D86B429F-8BBE-47F4-8888-36EFED50DFC5}.Debug|Any CPU.ActiveCfg = Debug|Any CPU
		{D86B429F-8BBE-47F4-8888-36EFED50DFC5}.Debug|Any CPU.Build.0 = Debug|Any CPU
		{D86B429F-8BBE-47F4-8888-36EFED50DFC5}.Release|Any CPU.ActiveCfg = Release|Any CPU
		{D86B429F-8BBE-47F4-8888-36EFED50DFC5}.Release|Any CPU.Build.0 = Release|Any CPU
	EndGlobalSection
EndGlobal
